{
  "requires": true,
  "lockfileVersion": 1,
  "dependencies": {
    "es6-promise": {
      "version": "4.2.4",
      "resolved": "https://registry.npmjs.org/es6-promise/-/es6-promise-4.2.4.tgz",
      "integrity": "sha512-/NdNZVJg+uZgtm9eS3O6lrOLYmQag2DjdEXuPaHlZ6RuVqgqaVZfgYCepEIKsLqwdQArOPtC3XzRLqGGfT8KQQ=="
    },
    "mapbox": {
      "version": "1.0.0-beta10",
      "resolved": "https://registry.npmjs.org/mapbox/-/mapbox-1.0.0-beta10.tgz",
      "integrity": "sha1-A3VhvLlcvcBm0d/34s4dbIU5y44=",
      "requires": {
        "es6-promise": "4.2.4",
        "rest": "2.0.0"
      }
    },
    "rest": {
      "version": "2.0.0",
      "resolved": "https://registry.npmjs.org/rest/-/rest-2.0.0.tgz",
      "integrity": "sha1-bfrfZqQFxJz71bS9JbWf0pzYYbw="
    }
  }
}
